PODS:
  - Kiwi (2.4.0)
  - TYPinLock (1.0.0)

DEPENDENCIES:
  - Kiwi
  - TYPinLock (from `../`)

EXTERNAL SOURCES:
  TYPinLock:
    :path: "../"

SPEC CHECKSUMS:
  Kiwi: f49c9d54b28917df5928fe44968a39ed198cb8a8
  TYPinLock: c53f27cfe29e69a77882a6e406c8dd80d6e06129

PODFILE CHECKSUM: a0338fb62e54791c925232dc5d1c5954735a78f8

COCOAPODS: 1.2.0
