PODS:
  - Kiwi (2.4.0)
  - Masonry (1.0.2)
  - TYPinLock (0.1.0)

DEPENDENCIES:
  - Kiwi
  - Masonry
  - TYPinLock (from `../`)

EXTERNAL SOURCES:
  TYPinLock:
    :path: "../"

SPEC CHECKSUMS:
  Kiwi: f49c9d54b28917df5928fe44968a39ed198cb8a8
  Masonry: 7c429b56da9d4ee0bbb3ed77a5ea710d6a5df39e
  TYPinLock: 12ad9e002aff9fed0b9960d899581536db291e76

PODFILE CHECKSUM: d8c3c039af6a1756ed19aaeaa76a2cad0147b057

COCOAPODS: 1.1.1
