PODS:
  - Kiwi (2.4.0)
  - TYPinLock (0.1.0)

DEPENDENCIES:
  - Kiwi
  - TYPinLock (from `../`)

EXTERNAL SOURCES:
  TYPinLock:
    :path: "../"

SPEC CHECKSUMS:
  Kiwi: f49c9d54b28917df5928fe44968a39ed198cb8a8
  TYPinLock: 9c792173205129684a0d389979d0bf8c68e18977

PODFILE CHECKSUM: a0338fb62e54791c925232dc5d1c5954735a78f8

COCOAPODS: 1.2.0
